// !$*UTF8*$!
{
	archiveVersion = 1;
	classes = {
	};
	objectVersion = 56;
	objects = {

/* Begin PBXBuildFile section */
		174B2C582B7502E3008B7446 /* Constants.swift in Sources */ = {isa = PBXBuildFile; fileRef = 174B2C572B7502E3008B7446 /* Constants.swift */; };
		17A9EDDE2B737FC8004AC60B /* APIOperations.swift in Sources */ = {isa = PBXBuildFile; fileRef = 17A9EDDD2B737FC8004AC60B /* APIOperations.swift */; };
		17B0AD2C2B72CD3B0094D5C9 /* DogImageFetchApp.swift in Sources */ = {isa = PBXBuildFile; fileRef = 17B0AD2B2B72CD3B0094D5C9 /* DogImageFetchApp.swift */; };
		17B0AD2E2B72CD3B0094D5C9 /* ContentView.swift in Sources */ = {isa = PBXBuildFile; fileRef = 17B0AD2D2B72CD3B0094D5C9 /* ContentView.swift */; };
		17B0AD302B72CD3D0094D5C9 /* Assets.xcassets in Resources */ = {isa = PBXBuildFile; fileRef = 17B0AD2F2B72CD3D0094D5C9 /* Assets.xcassets */; };
		17B0AD332B72CD3D0094D5C9 /* Preview Assets.xcassets in Resources */ = {isa = PBXBuildFile; fileRef = 17B0AD322B72CD3D0094D5C9 /* Preview Assets.xcassets */; };
		17B0AD352B72CD3D0094D5C9 /* Persistence.swift in Sources */ = {isa = PBXBuildFile; fileRef = 17B0AD342B72CD3D0094D5C9 /* Persistence.swift */; };
		17B0AD382B72CD3D0094D5C9 /* DogImageFetch.xcdatamodeld in Sources */ = {isa = PBXBuildFile; fileRef = 17B0AD362B72CD3D0094D5C9 /* DogImageFetch.xcdatamodeld */; };
		17B0AD432B72CDD20094D5C9 /* LandingPageView.swift in Sources */ = {isa = PBXBuildFile; fileRef = 17B0AD422B72CDD10094D5C9 /* LandingPageView.swift */; };
		17B0AD452B72CF030094D5C9 /* ImageDisplayView.swift in Sources */ = {isa = PBXBuildFile; fileRef = 17B0AD442B72CF030094D5C9 /* ImageDisplayView.swift */; };
		17B0AD472B72D2410094D5C9 /* CachedGeneratedImages.swift in Sources */ = {isa = PBXBuildFile; fileRef = 17B0AD462B72D2410094D5C9 /* CachedGeneratedImages.swift */; };
		17B0AD492B72D3CE0094D5C9 /* DatabaseManagerOperations.swift in Sources */ = {isa = PBXBuildFile; fileRef = 17B0AD482B72D3CE0094D5C9 /* DatabaseManagerOperations.swift */; };
		17B0AD4C2B72D4010094D5C9 /* DogsImageModel.swift in Sources */ = {isa = PBXBuildFile; fileRef = 17B0AD4B2B72D4010094D5C9 /* DogsImageModel.swift */; };
/* End PBXBuildFile section */

/* Begin PBXFileReference section */
		174B2C572B7502E3008B7446 /* Constants.swift */ = {isa = PBXFileReference; lastKnownFileType = sourcecode.swift; path = Constants.swift; sourceTree = "<group>"; };
		17A9EDDD2B737FC8004AC60B /* APIOperations.swift */ = {isa = PBXFileReference; lastKnownFileType = sourcecode.swift; path = APIOperations.swift; sourceTree = "<group>"; };
		17B0AD282B72CD3B0094D5C9 /* DogImageFetch.app */ = {isa = PBXFileReference; explicitFileType = wrapper.application; includeInIndex = 0; path = DogImageFetch.app; sourceTree = BUILT_PRODUCTS_DIR; };
		17B0AD2B2B72CD3B0094D5C9 /* DogImageFetchApp.swift */ = {isa = PBXFileReference; lastKnownFileType = sourcecode.swift; path = DogImageFetchApp.swift; sourceTree = "<group>"; };
		17B0AD2D2B72CD3B0094D5C9 /* ContentView.swift */ = {isa = PBXFileReference; lastKnownFileType = sourcecode.swift; path = ContentView.swift; sourceTree = "<group>"; };
		17B0AD2F2B72CD3D0094D5C9 /* Assets.xcassets */ = {isa = PBXFileReference; lastKnownFileType = folder.assetcatalog; path = Assets.xcassets; sourceTree = "<group>"; };
		17B0AD322B72CD3D0094D5C9 /* Preview Assets.xcassets */ = {isa = PBXFileReference; lastKnownFileType = folder.assetcatalog; path = "Preview Assets.xcassets"; sourceTree = "<group>"; };
		17B0AD342B72CD3D0094D5C9 /* Persistence.swift */ = {isa = PBXFileReference; lastKnownFileType = sourcecode.swift; path = Persistence.swift; sourceTree = "<group>"; };
		17B0AD372B72CD3D0094D5C9 /* DogImageFetch.xcdatamodel */ = {isa = PBXFileReference; lastKnownFileType = wrapper.xcdatamodel; path = DogImageFetch.xcdatamodel; sourceTree = "<group>"; };
		17B0AD422B72CDD10094D5C9 /* LandingPageView.swift */ = {isa = PBXFileReference; lastKnownFileType = sourcecode.swift; path = LandingPageView.swift; sourceTree = "<group>"; };
		17B0AD442B72CF030094D5C9 /* ImageDisplayView.swift */ = {isa = PBXFileReference; lastKnownFileType = sourcecode.swift; path = ImageDisplayView.swift; sourceTree = "<group>"; };
		17B0AD462B72D2410094D5C9 /* CachedGeneratedImages.swift */ = {isa = PBXFileReference; lastKnownFileType = sourcecode.swift; path = CachedGeneratedImages.swift; sourceTree = "<group>"; };
		17B0AD482B72D3CE0094D5C9 /* DatabaseManagerOperations.swift */ = {isa = PBXFileReference; lastKnownFileType = sourcecode.swift; path = DatabaseManagerOperations.swift; sourceTree = "<group>"; };
		17B0AD4B2B72D4010094D5C9 /* DogsImageModel.swift */ = {isa = PBXFileReference; lastKnownFileType = sourcecode.swift; path = DogsImageModel.swift; sourceTree = "<group>"; };
/* End PBXFileReference section */

/* Begin PBXFrameworksBuildPhase section */
		17B0AD252B72CD3B0094D5C9 /* Frameworks */ = {
			isa = PBXFrameworksBuildPhase;
			buildActionMask = 2147483647;
			files = (
			);
			runOnlyForDeploymentPostprocessing = 0;
		};
/* End PBXFrameworksBuildPhase section */

/* Begin PBXGroup section */
		17A9EDDC2B737FB0004AC60B /* APIManager */ = {
			isa = PBXGroup;
			children = (
				17A9EDDD2B737FC8004AC60B /* APIOperations.swift */,
			);
			path = APIManager;
			sourceTree = "<group>";
		};
		17B0AD1F2B72CD3B0094D5C9 = {
			isa = PBXGroup;
			children = (
				17B0AD2A2B72CD3B0094D5C9 /* DogImageFetch */,
				17B0AD292B72CD3B0094D5C9 /* Products */,
			);
			sourceTree = "<group>";
		};
		17B0AD292B72CD3B0094D5C9 /* Products */ = {
			isa = PBXGroup;
			children = (
				17B0AD282B72CD3B0094D5C9 /* DogImageFetch.app */,
			);
			name = Products;
			sourceTree = "<group>";
		};
		17B0AD2A2B72CD3B0094D5C9 /* DogImageFetch */ = {
			isa = PBXGroup;
			children = (
				17B0AD412B72CDB10094D5C9 /* Utilites */,
				17B0AD3F2B72CD530094D5C9 /* Model */,
				17B0AD402B72CD680094D5C9 /* ViewModel */,
				17B0AD3E2B72CD4F0094D5C9 /* Views */,
				17B0AD2B2B72CD3B0094D5C9 /* DogImageFetchApp.swift */,
				17B0AD2D2B72CD3B0094D5C9 /* ContentView.swift */,
				17B0AD2F2B72CD3D0094D5C9 /* Assets.xcassets */,
				17B0AD342B72CD3D0094D5C9 /* Persistence.swift */,
				17B0AD362B72CD3D0094D5C9 /* DogImageFetch.xcdatamodeld */,
				17B0AD312B72CD3D0094D5C9 /* Preview Content */,
			);
			path = DogImageFetch;
			sourceTree = "<group>";
		};
		17B0AD312B72CD3D0094D5C9 /* Preview Content */ = {
			isa = PBXGroup;
			children = (
				17B0AD322B72CD3D0094D5C9 /* Preview Assets.xcassets */,
			);
			path = "Preview Content";
			sourceTree = "<group>";
		};
		17B0AD3E2B72CD4F0094D5C9 /* Views */ = {
			isa = PBXGroup;
			children = (
				17B0AD422B72CDD10094D5C9 /* LandingPageView.swift */,
				17B0AD442B72CF030094D5C9 /* ImageDisplayView.swift */,
				17B0AD462B72D2410094D5C9 /* CachedGeneratedImages.swift */,
			);
			path = Views;
			sourceTree = "<group>";
		};
		17B0AD3F2B72CD530094D5C9 /* Model */ = {
			isa = PBXGroup;
			children = (
				17B0AD4B2B72D4010094D5C9 /* DogsImageModel.swift */,
			);
			path = Model;
			sourceTree = "<group>";
		};
		17B0AD402B72CD680094D5C9 /* ViewModel */ = {
			isa = PBXGroup;
			children = (
				17A9EDDC2B737FB0004AC60B /* APIManager */,
				17B0AD4A2B72D3D30094D5C9 /* DatabaseManager */,
			);
			path = ViewModel;
			sourceTree = "<group>";
		};
		17B0AD412B72CDB10094D5C9 /* Utilites */ = {
			isa = PBXGroup;
			children = (
				174B2C572B7502E3008B7446 /* Constants.swift */,
			);
			path = Utilites;
			sourceTree = "<group>";
		};
		17B0AD4A2B72D3D30094D5C9 /* DatabaseManager */ = {
			isa = PBXGroup;
			children = (
				17B0AD482B72D3CE0094D5C9 /* DatabaseManagerOperations.swift */,
			);
			path = DatabaseManager;
			sourceTree = "<group>";
		};
/* End PBXGroup section */

/* Begin PBXNativeTarget section */
		17B0AD272B72CD3B0094D5C9 /* DogImageFetch */ = {
			isa = PBXNativeTarget;
			buildConfigurationList = 17B0AD3B2B72CD3D0094D5C9 /* Build configuration list for PBXNativeTarget "DogImageFetch" */;
			buildPhases = (
				17B0AD242B72CD3B0094D5C9 /* Sources */,
				17B0AD252B72CD3B0094D5C9 /* Frameworks */,
				17B0AD262B72CD3B0094D5C9 /* Resources */,
			);
			buildRules = (
			);
			dependencies = (
			);
			name = DogImageFetch;
			productName = DogImageFetch;
			productReference = 17B0AD282B72CD3B0094D5C9 /* DogImageFetch.app */;
			productType = "com.apple.product-type.application";
		};
/* End PBXNativeTarget section */

/* Begin PBXProject section */
		17B0AD202B72CD3B0094D5C9 /* Project object */ = {
			isa = PBXProject;
			attributes = {
				BuildIndependentTargetsInParallel = 1;
				LastSwiftUpdateCheck = 1500;
				LastUpgradeCheck = 1500;
				TargetAttributes = {
					17B0AD272B72CD3B0094D5C9 = {
						CreatedOnToolsVersion = 15.0;
					};
				};
			};
			buildConfigurationList = 17B0AD232B72CD3B0094D5C9 /* Build configuration list for PBXProject "DogImageFetch" */;
			compatibilityVersion = "Xcode 14.0";
			developmentRegion = en;
			hasScannedForEncodings = 0;
			knownRegions = (
				en,
				Base,
			);
			mainGroup = 17B0AD1F2B72CD3B0094D5C9;
			productRefGroup = 17B0AD292B72CD3B0094D5C9 /* Products */;
			projectDirPath = "";
			projectRoot = "";
			targets = (
				17B0AD272B72CD3B0094D5C9 /* DogImageFetch */,
			);
		};
/* End PBXProject section */

/* Begin PBXResourcesBuildPhase section */
		17B0AD262B72CD3B0094D5C9 /* Resources */ = {
			isa = PBXResourcesBuildPhase;
			buildActionMask = 2147483647;
			files = (
				17B0AD332B72CD3D0094D5C9 /* Preview Assets.xcassets in Resources */,
				17B0AD302B72CD3D0094D5C9 /* Assets.xcassets in Resources */,
			);
			runOnlyForDeploymentPostprocessing = 0;
		};
/* End PBXResourcesBuildPhase section */

/* Begin PBXSourcesBuildPhase section */
		17B0AD242B72CD3B0094D5C9 /* Sources */ = {
			isa = PBXSourcesBuildPhase;
			buildActionMask = 2147483647;
			files = (
				17B0AD352B72CD3D0094D5C9 /* Persistence.swift in Sources */,
				17B0AD472B72D2410094D5C9 /* CachedGeneratedImages.swift in Sources */,
				17A9EDDE2B737FC8004AC60B /* APIOperations.swift in Sources */,
				17B0AD382B72CD3D0094D5C9 /* DogImageFetch.xcdatamodeld in Sources */,
				17B0AD432B72CDD20094D5C9 /* LandingPageView.swift in Sources */,
				17B0AD4C2B72D4010094D5C9 /* DogsImageModel.swift in Sources */,
				17B0AD452B72CF030094D5C9 /* ImageDisplayView.swift in Sources */,
				17B0AD2E2B72CD3B0094D5C9 /* ContentView.swift in Sources */,
				17B0AD492B72D3CE0094D5C9 /* DatabaseManagerOperations.swift in Sources */,
				17B0AD2C2B72CD3B0094D5C9 /* DogImageFetchApp.swift in Sources */,
				174B2C582B7502E3008B7446 /* Constants.swift in Sources */,
			);
			runOnlyForDeploymentPostprocessing = 0;
		};
/* End PBXSourcesBuildPhase section */

/* Begin XCBuildConfiguration section */
		17B0AD392B72CD3D0094D5C9 /* Debug */ = {
			isa = XCBuildConfiguration;
			buildSettings = {
				ALWAYS_SEARCH_USER_PATHS = NO;
				ASSETCATALOG_COMPILER_GENERATE_SWIFT_ASSET_SYMBOL_EXTENSIONS = YES;
				CLANG_ANALYZER_NONNULL = YES;
				CLANG_ANALYZER_NUMBER_OBJECT_CONVERSION = YES_AGGRESSIVE;
				CLANG_CXX_LANGUAGE_STANDARD = "gnu++20";
				CLANG_ENABLE_MODULES = YES;
				CLANG_ENABLE_OBJC_ARC = YES;
				CLANG_ENABLE_OBJC_WEAK = YES;
				CLANG_WARN_BLOCK_CAPTURE_AUTORELEASING = YES;
				CLANG_WARN_BOOL_CONVERSION = YES;
				CLANG_WARN_COMMA = YES;
				CLANG_WARN_CONSTANT_CONVERSION = YES;
				CLANG_WARN_DEPRECATED_OBJC_IMPLEMENTATIONS = YES;
				CLANG_WARN_DIRECT_OBJC_ISA_USAGE = YES_ERROR;
				CLANG_WARN_DOCUMENTATION_COMMENTS = YES;
				CLANG_WARN_EMPTY_BODY = YES;
				CLANG_WARN_ENUM_CONVERSION = YES;
				CLANG_WARN_INFINITE_RECURSION = YES;
				CLANG_WARN_INT_CONVERSION = YES;
				CLANG_WARN_NON_LITERAL_NULL_CONVERSION = YES;
				CLANG_WARN_OBJC_IMPLICIT_RETAIN_SELF = YES;
				CLANG_WARN_OBJC_LITERAL_CONVERSION = YES;
				CLANG_WARN_OBJC_ROOT_CLASS = YES_ERROR;
				CLANG_WARN_QUOTED_INCLUDE_IN_FRAMEWORK_HEADER = YES;
				CLANG_WARN_RANGE_LOOP_ANALYSIS = YES;
				CLANG_WARN_STRICT_PROTOTYPES = YES;
				CLANG_WARN_SUSPICIOUS_MOVE = YES;
				CLANG_WARN_UNGUARDED_AVAILABILITY = YES_AGGRESSIVE;
				CLANG_WARN_UNREACHABLE_CODE = YES;
				CLANG_WARN__DUPLICATE_METHOD_MATCH = YES;
				COPY_PHASE_STRIP = NO;
				DEBUG_INFORMATION_FORMAT = dwarf;
				ENABLE_STRICT_OBJC_MSGSEND = YES;
				ENABLE_TESTABILITY = YES;
				ENABLE_USER_SCRIPT_SANDBOXING = YES;
				GCC_C_LANGUAGE_STANDARD = gnu17;
				GCC_DYNAMIC_NO_PIC = NO;
				GCC_NO_COMMON_BLOCKS = YES;
				GCC_OPTIMIZATION_LEVEL = 0;
				GCC_PREPROCESSOR_DEFINITIONS = (
					"DEBUG=1",
					"$(inherited)",
				);
				GCC_WARN_64_TO_32_BIT_CONVERSION = YES;
				GCC_WARN_ABOUT_RETURN_TYPE = YES_ERROR;
				GCC_WARN_UNDECLARED_SELECTOR = YES;
				GCC_WARN_UNINITIALIZED_AUTOS = YES_AGGRESSIVE;
				GCC_WARN_UNUSED_FUNCTION = YES;
				GCC_WARN_UNUSED_VARIABLE = YES;
				IPHONEOS_DEPLOYMENT_TARGET = 17.0;
				LOCALIZATION_PREFERS_STRING_CATALOGS = YES;
				MTL_ENABLE_DEBUG_INFO = INCLUDE_SOURCE;
				MTL_FAST_MATH = YES;
				ONLY_ACTIVE_ARCH = YES;
				SDKROOT = iphoneos;
				SWIFT_ACTIVE_COMPILATION_CONDITIONS = "DEBUG $(inherited)";
				SWIFT_OPTIMIZATION_LEVEL = "-Onone";
			};
			name = Debug;
		};
		17B0AD3A2B72CD3D0094D5C9 /* Release */ = {
			isa = XCBuildConfiguration;
			buildSettings = {
				ALWAYS_SEARCH_USER_PATHS = NO;
				ASSETCATALOG_COMPILER_GENERATE_SWIFT_ASSET_SYMBOL_EXTENSIONS = YES;
				CLANG_ANALYZER_NONNULL = YES;
				CLANG_ANALYZER_NUMBER_OBJECT_CONVERSION = YES_AGGRESSIVE;
				CLANG_CXX_LANGUAGE_STANDARD = "gnu++20";
				CLANG_ENABLE_MODULES = YES;
				CLANG_ENABLE_OBJC_ARC = YES;
				CLANG_ENABLE_OBJC_WEAK = YES;
				CLANG_WARN_BLOCK_CAPTURE_AUTORELEASING = YES;
				CLANG_WARN_BOOL_CONVERSION = YES;
				CLANG_WARN_COMMA = YES;
				CLANG_WARN_CONSTANT_CONVERSION = YES;
				CLANG_WARN_DEPRECATED_OBJC_IMPLEMENTATIONS = YES;
				CLANG_WARN_DIRECT_OBJC_ISA_USAGE = YES_ERROR;
				CLANG_WARN_DOCUMENTATION_COMMENTS = YES;
				CLANG_WARN_EMPTY_BODY = YES;
				CLANG_WARN_ENUM_CONVERSION = YES;
				CLANG_WARN_INFINITE_RECURSION = YES;
				CLANG_WARN_INT_CONVERSION = YES;
				CLANG_WARN_NON_LITERAL_NULL_CONVERSION = YES;
				CLANG_WARN_OBJC_IMPLICIT_RETAIN_SELF = YES;
				CLANG_WARN_OBJC_LITERAL_CONVERSION = YES;
				CLANG_WARN_OBJC_ROOT_CLASS = YES_ERROR;
				CLANG_WARN_QUOTED_INCLUDE_IN_FRAMEWORK_HEADER = YES;
				CLANG_WARN_RANGE_LOOP_ANALYSIS = YES;
				CLANG_WARN_STRICT_PROTOTYPES = YES;
				CLANG_WARN_SUSPICIOUS_MOVE = YES;
				CLANG_WARN_UNGUARDED_AVAILABILITY = YES_AGGRESSIVE;
				CLANG_WARN_UNREACHABLE_CODE = YES;
				CLANG_WARN__DUPLICATE_METHOD_MATCH = YES;
				COPY_PHASE_STRIP = NO;
				DEBUG_INFORMATION_FORMAT = "dwarf-with-dsym";
				ENABLE_NS_ASSERTIONS = NO;
				ENABLE_STRICT_OBJC_MSGSEND = YES;
				ENABLE_USER_SCRIPT_SANDBOXING = YES;
				GCC_C_LANGUAGE_STANDARD = gnu17;
				GCC_NO_COMMON_BLOCKS = YES;
				GCC_WARN_64_TO_32_BIT_CONVERSION = YES;
				GCC_WARN_ABOUT_RETURN_TYPE = YES_ERROR;
				GCC_WARN_UNDECLARED_SELECTOR = YES;
				GCC_WARN_UNINITIALIZED_AUTOS = YES_AGGRESSIVE;
				GCC_WARN_UNUSED_FUNCTION = YES;
				GCC_WARN_UNUSED_VARIABLE = YES;
				IPHONEOS_DEPLOYMENT_TARGET = 17.0;
				LOCALIZATION_PREFERS_STRING_CATALOGS = YES;
				MTL_ENABLE_DEBUG_INFO = NO;
				MTL_FAST_MATH = YES;
				SDKROOT = iphoneos;
				SWIFT_COMPILATION_MODE = wholemodule;
				VALIDATE_PRODUCT = YES;
			};
			name = Release;
		};
		17B0AD3C2B72CD3D0094D5C9 /* Debug */ = {
			isa = XCBuildConfiguration;
			buildSettings = {
				ASSETCATALOG_COMPILER_APPICON_NAME = AppIcon;
				ASSETCATALOG_COMPILER_GLOBAL_ACCENT_COLOR_NAME = AccentColor;
				CODE_SIGN_STYLE = Automatic;
				CURRENT_PROJECT_VERSION = 1;
				DEVELOPMENT_ASSET_PATHS = "\"DogImageFetch/Preview Content\"";
				ENABLE_PREVIEWS = YES;
				GENERATE_INFOPLIST_FILE = YES;
				INFOPLIST_KEY_UIApplicationSceneManifest_Generation = YES;
				INFOPLIST_KEY_UIApplicationSupportsIndirectInputEvents = YES;
				INFOPLIST_KEY_UILaunchScreen_Generation = YES;
				INFOPLIST_KEY_UISupportedInterfaceOrientations_iPad = "UIInterfaceOrientationPortrait UIInterfaceOrientationPortraitUpsideDown UIInterfaceOrientationLandscapeLeft UIInterfaceOrientationLandscapeRight";
				INFOPLIST_KEY_UISupportedInterfaceOrientations_iPhone = "UIInterfaceOrientationPortrait UIInterfaceOrientationLandscapeLeft UIInterfaceOrientationLandscapeRight";
				LD_RUNPATH_SEARCH_PATHS = (
					"$(inherited)",
					"@executable_path/Frameworks",
				);
				MARKETING_VERSION = 1.0;
				PRODUCT_BUNDLE_IDENTIFIER = Learning.DogImageFetch;
				PRODUCT_NAME = "$(TARGET_NAME)";
				SWIFT_EMIT_LOC_STRINGS = YES;
				SWIFT_VERSION = 5.0;
				TARGETED_DEVICE_FAMILY = "1,2";
			};
			name = Debug;
		};
		17B0AD3D2B72CD3D0094D5C9 /* Release */ = {
			isa = XCBuildConfiguration;
			buildSettings = {
				ASSETCATALOG_COMPILER_APPICON_NAME = AppIcon;
				ASSETCATALOG_COMPILER_GLOBAL_ACCENT_COLOR_NAME = AccentColor;
				CODE_SIGN_STYLE = Automatic;
				CURRENT_PROJECT_VERSION = 1;
				DEVELOPMENT_ASSET_PATHS = "\"DogImageFetch/Preview Content\"";
				ENABLE_PREVIEWS = YES;
				GENERATE_INFOPLIST_FILE = YES;
				INFOPLIST_KEY_UIApplicationSceneManifest_Generation = YES;
				INFOPLIST_KEY_UIApplicationSupportsIndirectInputEvents = YES;
				INFOPLIST_KEY_UILaunchScreen_Generation = YES;
				INFOPLIST_KEY_UISupportedInterfaceOrientations_iPad = "UIInterfaceOrientationPortrait UIInterfaceOrientationPortraitUpsideDown UIInterfaceOrientationLandscapeLeft UIInterfaceOrientationLandscapeRight";
				INFOPLIST_KEY_UISupportedInterfaceOrientations_iPhone = "UIInterfaceOrientationPortrait UIInterfaceOrientationLandscapeLeft UIInterfaceOrientationLandscapeRight";
				LD_RUNPATH_SEARCH_PATHS = (
					"$(inherited)",
					"@executable_path/Frameworks",
				);
				MARKETING_VERSION = 1.0;
				PRODUCT_BUNDLE_IDENTIFIER = Learning.DogImageFetch;
				PRODUCT_NAME = "$(TARGET_NAME)";
				SWIFT_EMIT_LOC_STRINGS = YES;
				SWIFT_VERSION = 5.0;
				TARGETED_DEVICE_FAMILY = "1,2";
			};
			name = Release;
		};
/* End XCBuildConfiguration section */

/* Begin XCConfigurationList section */
		17B0AD232B72CD3B0094D5C9 /* Build configuration list for PBXProject "DogImageFetch" */ = {
			isa = XCConfigurationList;
			buildConfigurations = (
				17B0AD392B72CD3D0094D5C9 /* Debug */,
				17B0AD3A2B72CD3D0094D5C9 /* Release */,
			);
			defaultConfigurationIsVisible = 0;
			defaultConfigurationName = Release;
		};
		17B0AD3B2B72CD3D0094D5C9 /* Build configuration list for PBXNativeTarget "DogImageFetch" */ = {
			isa = XCConfigurationList;
			buildConfigurations = (
				17B0AD3C2B72CD3D0094D5C9 /* Debug */,
				17B0AD3D2B72CD3D0094D5C9 /* Release */,
			);
			defaultConfigurationIsVisible = 0;
			defaultConfigurationName = Release;
		};
/* End XCConfigurationList section */

/* Begin XCVersionGroup section */
		17B0AD362B72CD3D0094D5C9 /* DogImageFetch.xcdatamodeld */ = {
			isa = XCVersionGroup;
			children = (
				17B0AD372B72CD3D0094D5C9 /* DogImageFetch.xcdatamodel */,
			);
			currentVersion = 17B0AD372B72CD3D0094D5C9 /* DogImageFetch.xcdatamodel */;
			path = DogImageFetch.xcdatamodeld;
			sourceTree = "<group>";
			versionGroupType = wrapper.xcdatamodel;
		};
/* End XCVersionGroup section */
	};
	rootObject = 17B0AD202B72CD3B0094D5C9 /* Project object */;
}
